
Microsoft Visual Studio Solution File, Format Version 12.00
# Visual Studio Version 16
VisualStudioVersion = 16.0.30114.105
MinimumVisualStudioVersion = 10.0.40219.1
Project("{FAE04EC0-301F-11D3-BF4B-00C04F79EFBC}") = "dotnet core 3.1", "dotnet core 3.1.csproj", "{F7F2B989-DF5D-4C06-A267-CA53E712B22C}"
EndProject
Global
	GlobalSection(SolutionConfigurationPlatforms) = preSolution
		Debug|Any CPU = Debug|Any CPU
		Release|Any CPU = Release|Any CPU
	EndGlobalSection
	GlobalSection(ProjectConfigurationPlatforms) = postSolution
		{F7F2B989-DF5D-4C06-A267-CA53E712B22C}.Debug|Any CPU.ActiveCfg = Debug|Any CPU
		{F7F2B989-DF5D-4C06-A267-CA53E712B22C}.Debug|Any CPU.Build.0 = Debug|Any CPU
		{F7F2B989-DF5D-4C06-A267-CA53E712B22C}.Release|Any CPU.ActiveCfg = Release|Any CPU
		{F7F2B989-DF5D-4C06-A267-CA53E712B22C}.Release|Any CPU.Build.0 = Release|Any CPU
	EndGlobalSection
	GlobalSection(SolutionProperties) = preSolution
		HideSolutionNode = FALSE
	EndGlobalSection
	GlobalSection(ExtensibilityGlobals) = postSolution
		SolutionGuid = {0F50A28F-B9E4-49CC-A3A3-457B61B1C636}
	EndGlobalSection
EndGlobal
